
Microsoft Visual Studio Solution File, Format Version 12.00
# Visual Studio 15
VisualStudioVersion = 15.0.27703.2026
MinimumVisualStudioVersion = 10.0.40219.1
Project("{9A19103F-16F7-4668-BE54-9A1E7A4F7556}") = "radioMessagesProcessor", "radioMessagesProcessor\radioMessagesProcessor.csproj", "{CAAD8F34-23C2-4D4D-B729-E1EF5FC687C1}"
EndProject
Project("{9A19103F-16F7-4668-BE54-9A1E7A4F7556}") = "Mapping", "mapping\Mapping.csproj", "{B0E6E3BE-DE23-43B0-B653-8AB393648B67}"
EndProject
Project("{9A19103F-16F7-4668-BE54-9A1E7A4F7556}") = "readTrackingApi", "readTrackingApi\readTrackingApi.csproj", "{A7F24085-2A67-482F-96BE-EB886B998007}"
EndProject
Project("{FAE04EC0-301F-11D3-BF4B-00C04F79EFBC}") = "LocationData", "LocationData\LocationData.csproj", "{AEC3A459-7343-4AF2-8ECD-F54FAFD8314D}"
EndProject
Global
	GlobalSection(SolutionConfigurationPlatforms) = preSolution
		Debug|Any CPU = Debug|Any CPU
		Release|Any CPU = Release|Any CPU
	EndGlobalSection
	GlobalSection(ProjectConfigurationPlatforms) = postSolution
		{CAAD8F34-23C2-4D4D-B729-E1EF5FC687C1}.Debug|Any CPU.ActiveCfg = Debug|Any CPU
		{CAAD8F34-23C2-4D4D-B729-E1EF5FC687C1}.Debug|Any CPU.Build.0 = Debug|Any CPU
		{CAAD8F34-23C2-4D4D-B729-E1EF5FC687C1}.Release|Any CPU.ActiveCfg = Release|Any CPU
		{CAAD8F34-23C2-4D4D-B729-E1EF5FC687C1}.Release|Any CPU.Build.0 = Release|Any CPU
		{B0E6E3BE-DE23-43B0-B653-8AB393648B67}.Debug|Any CPU.ActiveCfg = Debug|Any CPU
		{B0E6E3BE-DE23-43B0-B653-8AB393648B67}.Debug|Any CPU.Build.0 = Debug|Any CPU
		{B0E6E3BE-DE23-43B0-B653-8AB393648B67}.Release|Any CPU.ActiveCfg = Release|Any CPU
		{B0E6E3BE-DE23-43B0-B653-8AB393648B67}.Release|Any CPU.Build.0 = Release|Any CPU
		{A7F24085-2A67-482F-96BE-EB886B998007}.Debug|Any CPU.ActiveCfg = Debug|Any CPU
		{A7F24085-2A67-482F-96BE-EB886B998007}.Debug|Any CPU.Build.0 = Debug|Any CPU
		{A7F24085-2A67-482F-96BE-EB886B998007}.Release|Any CPU.ActiveCfg = Release|Any CPU
		{A7F24085-2A67-482F-96BE-EB886B998007}.Release|Any CPU.Build.0 = Release|Any CPU
		{AEC3A459-7343-4AF2-8ECD-F54FAFD8314D}.Debug|Any CPU.ActiveCfg = Debug|Any CPU
		{AEC3A459-7343-4AF2-8ECD-F54FAFD8314D}.Debug|Any CPU.Build.0 = Debug|Any CPU
		{AEC3A459-7343-4AF2-8ECD-F54FAFD8314D}.Release|Any CPU.ActiveCfg = Release|Any CPU
		{AEC3A459-7343-4AF2-8ECD-F54FAFD8314D}.Release|Any CPU.Build.0 = Release|Any CPU
	EndGlobalSection
	GlobalSection(SolutionProperties) = preSolution
		HideSolutionNode = FALSE
	EndGlobalSection
	GlobalSection(ExtensibilityGlobals) = postSolution
		SolutionGuid = {FFA2DE48-D02F-43CA-89A2-0F671A89F195}
	EndGlobalSection
EndGlobal
